
Microsoft Visual Studio Solution File, Format Version 12.00
# Visual Studio 15
VisualStudioVersion = 15.0.26430.16
MinimumVisualStudioVersion = 10.0.40219.1
Project("{FAE04EC0-301F-11D3-BF4B-00C04F79EFBC}") = "Com.Loonytone.Droid.Banners", "Com.Loonytone.Droid.Banners\Com.Loonytone.Droid.Banners.csproj", "{D338C1EA-1087-4557-9D6C-F7E56B0E6F9A}"
EndProject
Project("{FAE04EC0-301F-11D3-BF4B-00C04F79EFBC}") = "BannerTest", "BannerTest\BannerTest.csproj", "{573DCF32-DDA2-4D32-94FA-6A908512C967}"
EndProject
Global
	GlobalSection(SolutionConfigurationPlatforms) = preSolution
		Debug|Any CPU = Debug|Any CPU
		Release|Any CPU = Release|Any CPU
	EndGlobalSection
	GlobalSection(ProjectConfigurationPlatforms) = postSolution
		{D338C1EA-1087-4557-9D6C-F7E56B0E6F9A}.Debug|Any CPU.ActiveCfg = Debug|Any CPU
		{D338C1EA-1087-4557-9D6C-F7E56B0E6F9A}.Debug|Any CPU.Build.0 = Debug|Any CPU
		{D338C1EA-1087-4557-9D6C-F7E56B0E6F9A}.Release|Any CPU.ActiveCfg = Release|Any CPU
		{D338C1EA-1087-4557-9D6C-F7E56B0E6F9A}.Release|Any CPU.Build.0 = Release|Any CPU
		{573DCF32-DDA2-4D32-94FA-6A908512C967}.Debug|Any CPU.ActiveCfg = Debug|Any CPU
		{573DCF32-DDA2-4D32-94FA-6A908512C967}.Debug|Any CPU.Build.0 = Debug|Any CPU
		{573DCF32-DDA2-4D32-94FA-6A908512C967}.Debug|Any CPU.Deploy.0 = Debug|Any CPU
		{573DCF32-DDA2-4D32-94FA-6A908512C967}.Release|Any CPU.ActiveCfg = Release|Any CPU
		{573DCF32-DDA2-4D32-94FA-6A908512C967}.Release|Any CPU.Build.0 = Release|Any CPU
		{573DCF32-DDA2-4D32-94FA-6A908512C967}.Release|Any CPU.Deploy.0 = Release|Any CPU
	EndGlobalSection
	GlobalSection(SolutionProperties) = preSolution
		HideSolutionNode = FALSE
	EndGlobalSection
EndGlobal
